
Microsoft Visual Studio Solution File, Format Version 12.00
# Visual Studio Version 17
VisualStudioVersion = 17.7.34031.279
MinimumVisualStudioVersion = 10.0.40219.1
Project("{FAE04EC0-301F-11D3-BF4B-00C04F79EFBC}") = "DataToDocx", "DataToDocx\DataToDocx.csproj", "{B7F1E6E9-4D23-491A-B86B-C9D66246B1FF}"
EndProject
Global
	GlobalSection(SolutionConfigurationPlatforms) = preSolution
		Debug|Any CPU = Debug|Any CPU
		Release|Any CPU = Release|Any CPU
	EndGlobalSection
	GlobalSection(ProjectConfigurationPlatforms) = postSolution
		{B7F1E6E9-4D23-491A-B86B-C9D66246B1FF}.Debug|Any CPU.ActiveCfg = Debug|Any CPU
		{B7F1E6E9-4D23-491A-B86B-C9D66246B1FF}.Debug|Any CPU.Build.0 = Debug|Any CPU
		{B7F1E6E9-4D23-491A-B86B-C9D66246B1FF}.Release|Any CPU.ActiveCfg = Release|Any CPU
		{B7F1E6E9-4D23-491A-B86B-C9D66246B1FF}.Release|Any CPU.Build.0 = Release|Any CPU
	EndGlobalSection
	GlobalSection(SolutionProperties) = preSolution
		HideSolutionNode = FALSE
	EndGlobalSection
	GlobalSection(ExtensibilityGlobals) = postSolution
		SolutionGuid = {6DC1B796-2B8A-4706-B210-A4B15E2F25EB}
	EndGlobalSection
EndGlobal
